
Microsoft Visual Studio Solution File, Format Version 12.00
# Visual Studio Version 17
VisualStudioVersion = 17.0.31903.59
MinimumVisualStudioVersion = 10.0.40219.1
Project("{FAE04EC0-301F-11D3-BF4B-00C04F79EFBC}") = "algorithms", "algorithms\algorithms.csproj", "{3DDFC406-2EFB-4BE4-AA17-716725EB4A86}"
EndProject
Project("{FAE04EC0-301F-11D3-BF4B-00C04F79EFBC}") = "tests", "tests\tests.csproj", "{B64A170A-905F-4665-8E5A-C22DB4CECB6F}"
EndProject
Project("{FAE04EC0-301F-11D3-BF4B-00C04F79EFBC}") = "runner", "runner\runner.csproj", "{099035D5-A0BF-4A04-BC6E-CC3B82AC9619}"
EndProject
Global
	GlobalSection(SolutionConfigurationPlatforms) = preSolution
		Debug|Any CPU = Debug|Any CPU
		Release|Any CPU = Release|Any CPU
	EndGlobalSection
	GlobalSection(ProjectConfigurationPlatforms) = postSolution
		{3DDFC406-2EFB-4BE4-AA17-716725EB4A86}.Debug|Any CPU.ActiveCfg = Debug|Any CPU
		{3DDFC406-2EFB-4BE4-AA17-716725EB4A86}.Debug|Any CPU.Build.0 = Debug|Any CPU
		{3DDFC406-2EFB-4BE4-AA17-716725EB4A86}.Release|Any CPU.ActiveCfg = Release|Any CPU
		{3DDFC406-2EFB-4BE4-AA17-716725EB4A86}.Release|Any CPU.Build.0 = Release|Any CPU
		{B64A170A-905F-4665-8E5A-C22DB4CECB6F}.Debug|Any CPU.ActiveCfg = Debug|Any CPU
		{B64A170A-905F-4665-8E5A-C22DB4CECB6F}.Debug|Any CPU.Build.0 = Debug|Any CPU
		{B64A170A-905F-4665-8E5A-C22DB4CECB6F}.Release|Any CPU.ActiveCfg = Release|Any CPU
		{B64A170A-905F-4665-8E5A-C22DB4CECB6F}.Release|Any CPU.Build.0 = Release|Any CPU
		{099035D5-A0BF-4A04-BC6E-CC3B82AC9619}.Debug|Any CPU.ActiveCfg = Debug|Any CPU
		{099035D5-A0BF-4A04-BC6E-CC3B82AC9619}.Debug|Any CPU.Build.0 = Debug|Any CPU
		{099035D5-A0BF-4A04-BC6E-CC3B82AC9619}.Release|Any CPU.ActiveCfg = Release|Any CPU
		{099035D5-A0BF-4A04-BC6E-CC3B82AC9619}.Release|Any CPU.Build.0 = Release|Any CPU
	EndGlobalSection
	GlobalSection(SolutionProperties) = preSolution
		HideSolutionNode = FALSE
	EndGlobalSection
EndGlobal
